
Microsoft Visual Studio Solution File, Format Version 12.00
# Visual Studio Version 17
VisualStudioVersion = 17.7.34031.279
MinimumVisualStudioVersion = 10.0.40219.1
Project("{FAE04EC0-301F-11D3-BF4B-00C04F79EFBC}") = "Todo_API", "Todo_API\Todo_API.csproj", "{FDDE6DEB-CC1F-43EE-8D35-A7F6A3F28C9B}"
EndProject
Global
	GlobalSection(SolutionConfigurationPlatforms) = preSolution
		Debug|Any CPU = Debug|Any CPU
		Release|Any CPU = Release|Any CPU
	EndGlobalSection
	GlobalSection(ProjectConfigurationPlatforms) = postSolution
		{FDDE6DEB-CC1F-43EE-8D35-A7F6A3F28C9B}.Debug|Any CPU.ActiveCfg = Debug|Any CPU
		{FDDE6DEB-CC1F-43EE-8D35-A7F6A3F28C9B}.Debug|Any CPU.Build.0 = Debug|Any CPU
		{FDDE6DEB-CC1F-43EE-8D35-A7F6A3F28C9B}.Release|Any CPU.ActiveCfg = Release|Any CPU
		{FDDE6DEB-CC1F-43EE-8D35-A7F6A3F28C9B}.Release|Any CPU.Build.0 = Release|Any CPU
	EndGlobalSection
	GlobalSection(SolutionProperties) = preSolution
		HideSolutionNode = FALSE
	EndGlobalSection
	GlobalSection(ExtensibilityGlobals) = postSolution
		SolutionGuid = {0F130A7F-5EA5-4C33-9F02-E1305C898EC2}
	EndGlobalSection
EndGlobal
